// !$*UTF8*$!
{
	archiveVersion = 1;
	classes = {
	};
	objectVersion = 48;
	objects = {

/* Begin PBXBuildFile section */
		375836F0201D0EF000749886 /* Produit.cpp in Sources */ = {isa = PBXBuildFile; fileRef = 375836EF201D0EF000749886 /* Produit.cpp */; };
		37583718201D24E900749886 /* Rayon.cpp in Sources */ = {isa = PBXBuildFile; fileRef = 37583717201D24E900749886 /* Rayon.cpp */; };
		3758371A201D2DA000749886 /* Panier.cpp in Sources */ = {isa = PBXBuildFile; fileRef = 37583719201D2DA000749886 /* Panier.cpp */; };
		3758371C201D35B000749886 /* Client.cpp in Sources */ = {isa = PBXBuildFile; fileRef = 3758371B201D35B000749886 /* Client.cpp */; };
		376051A3201B7B330093F34C /* main.cpp in Sources */ = {isa = PBXBuildFile; fileRef = 376051A2201B7B330093F34C /* main.cpp */; };
/* End PBXBuildFile section */

/* Begin PBXCopyFilesBuildPhase section */
		3760519D201B7B330093F34C /* CopyFiles */ = {
			isa = PBXCopyFilesBuildPhase;
			buildActionMask = 2147483647;
			dstPath = /usr/share/man/man1/;
			dstSubfolderSpec = 0;
			files = (
			);
			runOnlyForDeploymentPostprocessing = 1;
		};
/* End PBXCopyFilesBuildPhase section */

/* Begin PBXFileReference section */
		375836EF201D0EF000749886 /* Produit.cpp */ = {isa = PBXFileReference; fileEncoding = 4; lastKnownFileType = sourcecode.cpp.cpp; path = Produit.cpp; sourceTree = "<group>"; };
		37583717201D24E900749886 /* Rayon.cpp */ = {isa = PBXFileReference; fileEncoding = 4; lastKnownFileType = sourcecode.cpp.cpp; path = Rayon.cpp; sourceTree = "<group>"; };
		37583719201D2DA000749886 /* Panier.cpp */ = {isa = PBXFileReference; fileEncoding = 4; lastKnownFileType = sourcecode.cpp.cpp; path = Panier.cpp; sourceTree = "<group>"; };
		3758371B201D35B000749886 /* Client.cpp */ = {isa = PBXFileReference; fileEncoding = 4; lastKnownFileType = sourcecode.cpp.cpp; path = Client.cpp; sourceTree = "<group>"; };
		3760519F201B7B330093F34C /* TP1 */ = {isa = PBXFileReference; explicitFileType = "compiled.mach-o.executable"; includeInIndex = 0; path = TP1; sourceTree = BUILT_PRODUCTS_DIR; };
		376051A2201B7B330093F34C /* main.cpp */ = {isa = PBXFileReference; lastKnownFileType = sourcecode.cpp.cpp; path = main.cpp; sourceTree = "<group>"; };
		378A3CCC201B7B8000C350F4 /* Client.h */ = {isa = PBXFileReference; fileEncoding = 4; lastKnownFileType = sourcecode.c.h; path = Client.h; sourceTree = "<group>"; };
		378A3CCD201B7B8000C350F4 /* Rayon.h */ = {isa = PBXFileReference; fileEncoding = 4; lastKnownFileType = sourcecode.c.h; path = Rayon.h; sourceTree = "<group>"; };
		378A3CCE201B7B8000C350F4 /* Panier.h */ = {isa = PBXFileReference; fileEncoding = 4; lastKnownFileType = sourcecode.c.h; path = Panier.h; sourceTree = "<group>"; };
		378A3CCF201B7B8000C350F4 /* Produit.h */ = {isa = PBXFileReference; fileEncoding = 4; lastKnownFileType = sourcecode.c.h; path = Produit.h; sourceTree = "<group>"; };
/* End PBXFileReference section */

/* Begin PBXFrameworksBuildPhase section */
		3760519C201B7B330093F34C /* Frameworks */ = {
			isa = PBXFrameworksBuildPhase;
			buildActionMask = 2147483647;
			files = (
			);
			runOnlyForDeploymentPostprocessing = 0;
		};
/* End PBXFrameworksBuildPhase section */

/* Begin PBXGroup section */
		37605196201B7B330093F34C = {
			isa = PBXGroup;
			children = (
				376051A1201B7B330093F34C /* TP1 */,
				376051A0201B7B330093F34C /* Products */,
			);
			sourceTree = "<group>";
		};
		376051A0201B7B330093F34C /* Products */ = {
			isa = PBXGroup;
			children = (
				3760519F201B7B330093F34C /* TP1 */,
			);
			name = Products;
			sourceTree = "<group>";
		};
		376051A1201B7B330093F34C /* TP1 */ = {
			isa = PBXGroup;
			children = (
				378A3CCC201B7B8000C350F4 /* Client.h */,
				3758371B201D35B000749886 /* Client.cpp */,
				378A3CCE201B7B8000C350F4 /* Panier.h */,
				37583719201D2DA000749886 /* Panier.cpp */,
				378A3CCF201B7B8000C350F4 /* Produit.h */,
				375836EF201D0EF000749886 /* Produit.cpp */,
				378A3CCD201B7B8000C350F4 /* Rayon.h */,
				37583717201D24E900749886 /* Rayon.cpp */,
				376051A2201B7B330093F34C /* main.cpp */,
			);
			path = TP1;
			sourceTree = "<group>";
		};
/* End PBXGroup section */

/* Begin PBXNativeTarget section */
		3760519E201B7B330093F34C /* TP1 */ = {
			isa = PBXNativeTarget;
			buildConfigurationList = 376051A6201B7B330093F34C /* Build configuration list for PBXNativeTarget "TP1" */;
			buildPhases = (
				3760519B201B7B330093F34C /* Sources */,
				3760519C201B7B330093F34C /* Frameworks */,
				3760519D201B7B330093F34C /* CopyFiles */,
			);
			buildRules = (
			);
			dependencies = (
			);
			name = TP1;
			productName = TP1;
			productReference = 3760519F201B7B330093F34C /* TP1 */;
			productType = "com.apple.product-type.tool";
		};
/* End PBXNativeTarget section */

/* Begin PBXProject section */
		37605197201B7B330093F34C /* Project object */ = {
			isa = PBXProject;
			attributes = {
				LastUpgradeCheck = 0920;
				ORGANIZATIONNAME = "Greg Havekes";
				TargetAttributes = {
					3760519E201B7B330093F34C = {
						CreatedOnToolsVersion = 9.2;
						ProvisioningStyle = Automatic;
					};
				};
			};
			buildConfigurationList = 3760519A201B7B330093F34C /* Build configuration list for PBXProject "TP1" */;
			compatibilityVersion = "Xcode 8.0";
			developmentRegion = en;
			hasScannedForEncodings = 0;
			knownRegions = (
				en,
			);
			mainGroup = 37605196201B7B330093F34C;
			productRefGroup = 376051A0201B7B330093F34C /* Products */;
			projectDirPath = "";
			projectRoot = "";
			targets = (
				3760519E201B7B330093F34C /* TP1 */,
			);
		};
/* End PBXProject section */

/* Begin PBXSourcesBuildPhase section */
		3760519B201B7B330093F34C /* Sources */ = {
			isa = PBXSourcesBuildPhase;
			buildActionMask = 2147483647;
			files = (
				376051A3201B7B330093F34C /* main.cpp in Sources */,
				375836F0201D0EF000749886 /* Produit.cpp in Sources */,
				3758371C201D35B000749886 /* Client.cpp in Sources */,
				3758371A201D2DA000749886 /* Panier.cpp in Sources */,
				37583718201D24E900749886 /* Rayon.cpp in Sources */,
			);
			runOnlyForDeploymentPostprocessing = 0;
		};
/* End PBXSourcesBuildPhase section */

/* Begin XCBuildConfiguration section */
		376051A4201B7B330093F34C /* Debug */ = {
			isa = XCBuildConfiguration;
			buildSettings = {
				ALWAYS_SEARCH_USER_PATHS = NO;
				CLANG_ANALYZER_NONNULL = YES;
				CLANG_ANALYZER_NUMBER_OBJECT_CONVERSION = YES_AGGRESSIVE;
				CLANG_CXX_LANGUAGE_STANDARD = "gnu++14";
				CLANG_CXX_LIBRARY = "libc++";
				CLANG_ENABLE_MODULES = YES;
				CLANG_ENABLE_OBJC_ARC = YES;
				CLANG_WARN_BLOCK_CAPTURE_AUTORELEASING = YES;
				CLANG_WARN_BOOL_CONVERSION = YES;
				CLANG_WARN_COMMA = YES;
				CLANG_WARN_CONSTANT_CONVERSION = YES;
				CLANG_WARN_DIRECT_OBJC_ISA_USAGE = YES_ERROR;
				CLANG_WARN_DOCUMENTATION_COMMENTS = YES;
				CLANG_WARN_EMPTY_BODY = YES;
				CLANG_WARN_ENUM_CONVERSION = YES;
				CLANG_WARN_INFINITE_RECURSION = YES;
				CLANG_WARN_INT_CONVERSION = YES;
				CLANG_WARN_NON_LITERAL_NULL_CONVERSION = YES;
				CLANG_WARN_OBJC_LITERAL_CONVERSION = YES;
				CLANG_WARN_OBJC_ROOT_CLASS = YES_ERROR;
				CLANG_WARN_RANGE_LOOP_ANALYSIS = YES;
				CLANG_WARN_STRICT_PROTOTYPES = YES;
				CLANG_WARN_SUSPICIOUS_MOVE = YES;
				CLANG_WARN_UNGUARDED_AVAILABILITY = YES_AGGRESSIVE;
				CLANG_WARN_UNREACHABLE_CODE = YES;
				CLANG_WARN__DUPLICATE_METHOD_MATCH = YES;
				CODE_SIGN_IDENTITY = "-";
				COPY_PHASE_STRIP = NO;
				DEBUG_INFORMATION_FORMAT = dwarf;
				ENABLE_STRICT_OBJC_MSGSEND = YES;
				ENABLE_TESTABILITY = YES;
				GCC_C_LANGUAGE_STANDARD = gnu11;
				GCC_DYNAMIC_NO_PIC = NO;
				GCC_NO_COMMON_BLOCKS = YES;
				GCC_OPTIMIZATION_LEVEL = 0;
				GCC_PREPROCESSOR_DEFINITIONS = (
					"DEBUG=1",
					"$(inherited)",
				);
				GCC_WARN_64_TO_32_BIT_CONVERSION = YES;
				GCC_WARN_ABOUT_RETURN_TYPE = YES_ERROR;
				GCC_WARN_UNDECLARED_SELECTOR = YES;
				GCC_WARN_UNINITIALIZED_AUTOS = YES_AGGRESSIVE;
				GCC_WARN_UNUSED_FUNCTION = YES;
				GCC_WARN_UNUSED_VARIABLE = YES;
				MACOSX_DEPLOYMENT_TARGET = 10.13;
				MTL_ENABLE_DEBUG_INFO = YES;
				ONLY_ACTIVE_ARCH = YES;
				SDKROOT = macosx;
			};
			name = Debug;
		};
		376051A5201B7B330093F34C /* Release */ = {
			isa = XCBuildConfiguration;
			buildSettings = {
				ALWAYS_SEARCH_USER_PATHS = NO;
				CLANG_ANALYZER_NONNULL = YES;
				CLANG_ANALYZER_NUMBER_OBJECT_CONVERSION = YES_AGGRESSIVE;
				CLANG_CXX_LANGUAGE_STANDARD = "gnu++14";
				CLANG_CXX_LIBRARY = "libc++";
				CLANG_ENABLE_MODULES = YES;
				CLANG_ENABLE_OBJC_ARC = YES;
				CLANG_WARN_BLOCK_CAPTURE_AUTORELEASING = YES;
				CLANG_WARN_BOOL_CONVERSION = YES;
				CLANG_WARN_COMMA = YES;
				CLANG_WARN_CONSTANT_CONVERSION = YES;
				CLANG_WARN_DIRECT_OBJC_ISA_USAGE = YES_ERROR;
				CLANG_WARN_DOCUMENTATION_COMMENTS = YES;
				CLANG_WARN_EMPTY_BODY = YES;
				CLANG_WARN_ENUM_CONVERSION = YES;
				CLANG_WARN_INFINITE_RECURSION = YES;
				CLANG_WARN_INT_CONVERSION = YES;
				CLANG_WARN_NON_LITERAL_NULL_CONVERSION = YES;
				CLANG_WARN_OBJC_LITERAL_CONVERSION = YES;
				CLANG_WARN_OBJC_ROOT_CLASS = YES_ERROR;
				CLANG_WARN_RANGE_LOOP_ANALYSIS = YES;
				CLANG_WARN_STRICT_PROTOTYPES = YES;
				CLANG_WARN_SUSPICIOUS_MOVE = YES;
				CLANG_WARN_UNGUARDED_AVAILABILITY = YES_AGGRESSIVE;
				CLANG_WARN_UNREACHABLE_CODE = YES;
				CLANG_WARN__DUPLICATE_METHOD_MATCH = YES;
				CODE_SIGN_IDENTITY = "-";
				COPY_PHASE_STRIP = NO;
				DEBUG_INFORMATION_FORMAT = "dwarf-with-dsym";
				ENABLE_NS_ASSERTIONS = NO;
				ENABLE_STRICT_OBJC_MSGSEND = YES;
				GCC_C_LANGUAGE_STANDARD = gnu11;
				GCC_NO_COMMON_BLOCKS = YES;
				GCC_WARN_64_TO_32_BIT_CONVERSION = YES;
				GCC_WARN_ABOUT_RETURN_TYPE = YES_ERROR;
				GCC_WARN_UNDECLARED_SELECTOR = YES;
				GCC_WARN_UNINITIALIZED_AUTOS = YES_AGGRESSIVE;
				GCC_WARN_UNUSED_FUNCTION = YES;
				GCC_WARN_UNUSED_VARIABLE = YES;
				MACOSX_DEPLOYMENT_TARGET = 10.13;
				MTL_ENABLE_DEBUG_INFO = NO;
				SDKROOT = macosx;
			};
			name = Release;
		};
		376051A7201B7B330093F34C /* Debug */ = {
			isa = XCBuildConfiguration;
			buildSettings = {
				CODE_SIGN_STYLE = Automatic;
				PRODUCT_NAME = "$(TARGET_NAME)";
			};
			name = Debug;
		};
		376051A8201B7B330093F34C /* Release */ = {
			isa = XCBuildConfiguration;
			buildSettings = {
				CODE_SIGN_STYLE = Automatic;
				PRODUCT_NAME = "$(TARGET_NAME)";
			};
			name = Release;
		};
/* End XCBuildConfiguration section */

/* Begin XCConfigurationList section */
		3760519A201B7B330093F34C /* Build configuration list for PBXProject "TP1" */ = {
			isa = XCConfigurationList;
			buildConfigurations = (
				376051A4201B7B330093F34C /* Debug */,
				376051A5201B7B330093F34C /* Release */,
			);
			defaultConfigurationIsVisible = 0;
			defaultConfigurationName = Release;
		};
		376051A6201B7B330093F34C /* Build configuration list for PBXNativeTarget "TP1" */ = {
			isa = XCConfigurationList;
			buildConfigurations = (
				376051A7201B7B330093F34C /* Debug */,
				376051A8201B7B330093F34C /* Release */,
			);
			defaultConfigurationIsVisible = 0;
			defaultConfigurationName = Release;
		};
/* End XCConfigurationList section */
	};
	rootObject = 37605197201B7B330093F34C /* Project object */;
}
